
Microsoft Visual Studio Solution File, Format Version 12.00
# Visual Studio Version 17
VisualStudioVersion = 17.13.35828.75
MinimumVisualStudioVersion = 10.0.40219.1
Project("{FAE04EC0-301F-11D3-BF4B-00C04F79EFBC}") = "ICMInterop", "ICMInterop\ICMInterop.csproj", "{62A53E75-75FE-4A15-86E4-11F25DAB2641}"
EndProject
Global
	GlobalSection(SolutionConfigurationPlatforms) = preSolution
		Debug|Any CPU = Debug|Any CPU
		Release|Any CPU = Release|Any CPU
	EndGlobalSection
	GlobalSection(ProjectConfigurationPlatforms) = postSolution
		{62A53E75-75FE-4A15-86E4-11F25DAB2641}.Debug|Any CPU.ActiveCfg = Debug|Any CPU
		{62A53E75-75FE-4A15-86E4-11F25DAB2641}.Debug|Any CPU.Build.0 = Debug|Any CPU
		{62A53E75-75FE-4A15-86E4-11F25DAB2641}.Release|Any CPU.ActiveCfg = Release|Any CPU
		{62A53E75-75FE-4A15-86E4-11F25DAB2641}.Release|Any CPU.Build.0 = Release|Any CPU
	EndGlobalSection
	GlobalSection(SolutionProperties) = preSolution
		HideSolutionNode = FALSE
	EndGlobalSection
	GlobalSection(ExtensibilityGlobals) = postSolution
		SolutionGuid = {A6248C83-B6DF-4B38-AB02-0F701CFFF219}
	EndGlobalSection
EndGlobal
